
Microsoft Visual Studio Solution File, Format Version 12.00
# Visual Studio Version 17
VisualStudioVersion = 17.12.35527.113
MinimumVisualStudioVersion = 10.0.40219.1
Project("{FAE04EC0-301F-11D3-BF4B-00C04F79EFBC}") = "Web", "WebShobGleb\Web.csproj", "{70B019AB-D59D-4ECD-9234-6CD7D6FDA7FB}"
EndProject
Project("{FAE04EC0-301F-11D3-BF4B-00C04F79EFBC}") = "Core", "OnlineShopDB\Core.csproj", "{35EA2044-B3BC-497C-9BC5-30F62F43E28D}"
EndProject
Project("{FAE04EC0-301F-11D3-BF4B-00C04F79EFBC}") = "Application", "Application\Application.csproj", "{26AA19D9-48B5-4A0F-A9B4-00141F07BC07}"
EndProject
Global
	GlobalSection(SolutionConfigurationPlatforms) = preSolution
		Debug|Any CPU = Debug|Any CPU
		Release|Any CPU = Release|Any CPU
	EndGlobalSection
	GlobalSection(ProjectConfigurationPlatforms) = postSolution
		{70B019AB-D59D-4ECD-9234-6CD7D6FDA7FB}.Debug|Any CPU.ActiveCfg = Debug|Any CPU
		{70B019AB-D59D-4ECD-9234-6CD7D6FDA7FB}.Debug|Any CPU.Build.0 = Debug|Any CPU
		{70B019AB-D59D-4ECD-9234-6CD7D6FDA7FB}.Release|Any CPU.ActiveCfg = Release|Any CPU
		{70B019AB-D59D-4ECD-9234-6CD7D6FDA7FB}.Release|Any CPU.Build.0 = Release|Any CPU
		{35EA2044-B3BC-497C-9BC5-30F62F43E28D}.Debug|Any CPU.ActiveCfg = Debug|Any CPU
		{35EA2044-B3BC-497C-9BC5-30F62F43E28D}.Debug|Any CPU.Build.0 = Debug|Any CPU
		{35EA2044-B3BC-497C-9BC5-30F62F43E28D}.Release|Any CPU.ActiveCfg = Release|Any CPU
		{35EA2044-B3BC-497C-9BC5-30F62F43E28D}.Release|Any CPU.Build.0 = Release|Any CPU
		{26AA19D9-48B5-4A0F-A9B4-00141F07BC07}.Debug|Any CPU.ActiveCfg = Debug|Any CPU
		{26AA19D9-48B5-4A0F-A9B4-00141F07BC07}.Debug|Any CPU.Build.0 = Debug|Any CPU
		{26AA19D9-48B5-4A0F-A9B4-00141F07BC07}.Release|Any CPU.ActiveCfg = Release|Any CPU
		{26AA19D9-48B5-4A0F-A9B4-00141F07BC07}.Release|Any CPU.Build.0 = Release|Any CPU
	EndGlobalSection
	GlobalSection(SolutionProperties) = preSolution
		HideSolutionNode = FALSE
	EndGlobalSection
EndGlobal
